
Microsoft Visual Studio Solution File, Format Version 12.00
# Visual Studio Version 17
VisualStudioVersion = 17.4.33205.214
MinimumVisualStudioVersion = 10.0.40219.1
Project("{2150E333-8FDC-42A3-9474-1A3956D46DE8}") = "src", "src", "{41896A3D-21B8-4440-B979-955305212955}"
EndProject
Project("{2150E333-8FDC-42A3-9474-1A3956D46DE8}") = "Store", "Store", "{A670F067-19C8-48AA-B961-DCDF16119DDD}"
EndProject
Project("{2150E333-8FDC-42A3-9474-1A3956D46DE8}") = "Identity", "Identity", "{36117258-0E1E-485E-864A-C2FCA4BFD17B}"
EndProject
Project("{2150E333-8FDC-42A3-9474-1A3956D46DE8}") = "Services", "Services", "{5F2D3A9E-F98F-4BB2-94F6-A03141D3F1A3}"
EndProject
Project("{2150E333-8FDC-42A3-9474-1A3956D46DE8}") = "BuildingBlocks", "BuildingBlocks", "{E423B095-7FDF-4281-BB42-91B7DA8567BA}"
EndProject
Project("{2150E333-8FDC-42A3-9474-1A3956D46DE8}") = "ApiGateways", "ApiGateways", "{B6815336-1D6A-41BD-9BE5-9C313A2370FE}"
EndProject
Project("{2150E333-8FDC-42A3-9474-1A3956D46DE8}") = "Catalog", "Catalog", "{A815A1BE-5085-4FFE-AF7C-4C72ECB50F05}"
EndProject
Project("{2150E333-8FDC-42A3-9474-1A3956D46DE8}") = "Ordering", "Ordering", "{0EDF241C-B0FB-4318-AE24-B3D63BCFACA2}"
EndProject
Project("{2150E333-8FDC-42A3-9474-1A3956D46DE8}") = "Payment", "Payment", "{4BA782E1-272D-4F71-803F-A40ADA1637CA}"
EndProject
Project("{2150E333-8FDC-42A3-9474-1A3956D46DE8}") = "Webhooks", "Webhooks", "{59C2F7E3-5A29-48C4-BA60-20399B524007}"
EndProject
Project("{2150E333-8FDC-42A3-9474-1A3956D46DE8}") = "Administration", "Administration", "{C49A4FC2-BC67-4163-B00A-B3C092D87182}"
EndProject
Project("{2150E333-8FDC-42A3-9474-1A3956D46DE8}") = "Adapters", "Adapters", "{5659D1DF-2CBD-4898-9639-4D76A2A6F05B}"
EndProject
Project("{2150E333-8FDC-42A3-9474-1A3956D46DE8}") = "Driven", "Driven", "{FCDA6E93-B63C-4A44-99DA-4DEDCFAAD960}"
EndProject
Project("{2150E333-8FDC-42A3-9474-1A3956D46DE8}") = "Driving", "Driving", "{D3C64292-735A-4B97-8D8E-617DF6DC1D8C}"
EndProject
Project("{9A19103F-16F7-4668-BE54-9A1E7A4F7556}") = "Store.Api", "src\Services\Store\Adapters\Driving\Store.Api\Store.Api.csproj", "{1F09C5BF-8127-41FA-89CD-2502E50C5A5F}"
EndProject
Project("{9A19103F-16F7-4668-BE54-9A1E7A4F7556}") = "Store.Infra.DataBase.MongoDb", "src\Services\Store\Adapters\Driven\Store.Infra.DataBase.MongoDb\Store.Infra.DataBase.MongoDb.csproj", "{BBA62C6C-C4A7-4B40-91EA-B8BAC801669D}"
EndProject
Project("{2150E333-8FDC-42A3-9474-1A3956D46DE8}") = "Core", "Core", "{6720F458-06FB-40B7-8E4A-39FCFFB034F4}"
EndProject
Project("{9A19103F-16F7-4668-BE54-9A1E7A4F7556}") = "Store.Application", "src\Services\Store\Core\Store.Application\Store.Application.csproj", "{BD22A0FB-E31E-4DA0-9773-3449D1F60787}"
EndProject
Project("{9A19103F-16F7-4668-BE54-9A1E7A4F7556}") = "Store.Domain", "src\Services\Store\Core\Store.Domain\Store.Domain.csproj", "{8B7554B0-9E38-407B-8B1F-FB61848EFDA8}"
EndProject
Project("{9A19103F-16F7-4668-BE54-9A1E7A4F7556}") = "BuildingBlock.Domain", "src\BuildingBlocks\BuildingBlock.Domain\BuildingBlock.Domain.csproj", "{0DC7B4D8-825A-4757-9782-3C24D9631C64}"
EndProject
Project("{2150E333-8FDC-42A3-9474-1A3956D46DE8}") = "Adapters", "Adapters", "{1BC612CD-BB0A-4FEF-96E0-5E70CAA4DDF6}"
EndProject
Project("{2150E333-8FDC-42A3-9474-1A3956D46DE8}") = "Driven", "Driven", "{694CD29F-7249-4F9C-A2E7-B18ED667F165}"
EndProject
Project("{2150E333-8FDC-42A3-9474-1A3956D46DE8}") = "Driving", "Driving", "{62439BF3-78D1-460E-99CA-7210C906827F}"
EndProject
Project("{2150E333-8FDC-42A3-9474-1A3956D46DE8}") = "Core", "Core", "{085B0324-B995-4B49-BD04-0BB767844CD6}"
EndProject
Project("{9A19103F-16F7-4668-BE54-9A1E7A4F7556}") = "Administration.Application", "src\Services\Administration\Core\Administration.Application\Administration.Application.csproj", "{BC7E1541-BB91-4E7F-B052-8EE71BBEB863}"
EndProject
Project("{9A19103F-16F7-4668-BE54-9A1E7A4F7556}") = "Administration.Domain", "src\Services\Administration\Core\Administration.Domain\Administration.Domain.csproj", "{A09FF40C-1E35-4874-A877-4D82B33B8C92}"
EndProject
Project("{9A19103F-16F7-4668-BE54-9A1E7A4F7556}") = "Administration.Api", "src\Services\Administration\Adapters\Driving\Administration.Api\Administration.Api.csproj", "{B07D0748-A3CA-4927-8F2C-729E5BEDD12B}"
EndProject
Project("{9A19103F-16F7-4668-BE54-9A1E7A4F7556}") = "Administration.Infra.DataBase.MongoDb", "src\Services\Administration\Adapters\Driven\Administration.Infra.DataBase.MongoDb\Administration.Infra.DataBase.MongoDb.csproj", "{984D671D-5890-4B1C-BB64-07CFEF781B81}"
EndProject
Project("{9A19103F-16F7-4668-BE54-9A1E7A4F7556}") = "BuildingBlock.Application", "src\BuildingBlocks\BuildingBlock.Application\BuildingBlock.Application.csproj", "{E53C6107-D019-40AB-8B23-DAAE9A59D7A5}"
EndProject
Project("{9A19103F-16F7-4668-BE54-9A1E7A4F7556}") = "BuildingBlock.Domain.ValueObject.Json", "src\BuildingBlocks\BuildingBlock.Domain.ValueObject.Json\BuildingBlock.Domain.ValueObject.Json.csproj", "{D5094D7B-CDC9-4591-B323-569A14EA918B}"
EndProject
Project("{9A19103F-16F7-4668-BE54-9A1E7A4F7556}") = "BuildingBlocks.Api", "src\BuildingBlocks\BuildingBlocks.Api\BuildingBlocks.Api.csproj", "{DA0F81D0-91AC-4238-8F41-49F3389FD476}"
EndProject
Project("{2150E333-8FDC-42A3-9474-1A3956D46DE8}") = "test", "test", "{0484F8B7-A921-4DC5-90DA-53432D531232}"
EndProject
Project("{9A19103F-16F7-4668-BE54-9A1E7A4F7556}") = "BuildingBlock.Domain.UnitTest", "src\BuildingBlocks\test\BuildingBlock.Domain.UnitTest\BuildingBlock.Domain.UnitTest.csproj", "{7612A299-0434-4369-9796-4794FBF59F17}"
EndProject
Project("{2150E333-8FDC-42A3-9474-1A3956D46DE8}") = "Solution Items", "Solution Items", "{7213A766-40C3-4263-88CF-4BF0CA38FAF0}"
	ProjectSection(SolutionItems) = preProject
		.editorconfig = .editorconfig
	EndProjectSection
EndProject
Project("{2150E333-8FDC-42A3-9474-1A3956D46DE8}") = "docs", "docs", "{5E98F153-6465-4EA8-B4D6-DD21A40C277B}"
	ProjectSection(SolutionItems) = preProject
		docs\Architecture.md = docs\Architecture.md
		docs\Domain Driven Design and Practice.md = docs\Domain Driven Design and Practice.md
	EndProjectSection
EndProject
Project("{FAE04EC0-301F-11D3-BF4B-00C04F79EFBC}") = "BuildingBlock.Infra.DataBase.MongoDb", "BuildingBlock.Infra.DataBase.MongoDb\BuildingBlock.Infra.DataBase.MongoDb.csproj", "{3F6244E0-2DD4-4B47-9F63-DD3E8E0888BE}"
EndProject
Global
	GlobalSection(SolutionConfigurationPlatforms) = preSolution
		Debug|Any CPU = Debug|Any CPU
		Release|Any CPU = Release|Any CPU
	EndGlobalSection
	GlobalSection(ProjectConfigurationPlatforms) = postSolution
		{1F09C5BF-8127-41FA-89CD-2502E50C5A5F}.Debug|Any CPU.ActiveCfg = Debug|Any CPU
		{1F09C5BF-8127-41FA-89CD-2502E50C5A5F}.Debug|Any CPU.Build.0 = Debug|Any CPU
		{1F09C5BF-8127-41FA-89CD-2502E50C5A5F}.Release|Any CPU.ActiveCfg = Release|Any CPU
		{1F09C5BF-8127-41FA-89CD-2502E50C5A5F}.Release|Any CPU.Build.0 = Release|Any CPU
		{BBA62C6C-C4A7-4B40-91EA-B8BAC801669D}.Debug|Any CPU.ActiveCfg = Debug|Any CPU
		{BBA62C6C-C4A7-4B40-91EA-B8BAC801669D}.Debug|Any CPU.Build.0 = Debug|Any CPU
		{BBA62C6C-C4A7-4B40-91EA-B8BAC801669D}.Release|Any CPU.ActiveCfg = Release|Any CPU
		{BBA62C6C-C4A7-4B40-91EA-B8BAC801669D}.Release|Any CPU.Build.0 = Release|Any CPU
		{BD22A0FB-E31E-4DA0-9773-3449D1F60787}.Debug|Any CPU.ActiveCfg = Debug|Any CPU
		{BD22A0FB-E31E-4DA0-9773-3449D1F60787}.Debug|Any CPU.Build.0 = Debug|Any CPU
		{BD22A0FB-E31E-4DA0-9773-3449D1F60787}.Release|Any CPU.ActiveCfg = Release|Any CPU
		{BD22A0FB-E31E-4DA0-9773-3449D1F60787}.Release|Any CPU.Build.0 = Release|Any CPU
		{8B7554B0-9E38-407B-8B1F-FB61848EFDA8}.Debug|Any CPU.ActiveCfg = Debug|Any CPU
		{8B7554B0-9E38-407B-8B1F-FB61848EFDA8}.Debug|Any CPU.Build.0 = Debug|Any CPU
		{8B7554B0-9E38-407B-8B1F-FB61848EFDA8}.Release|Any CPU.ActiveCfg = Release|Any CPU
		{8B7554B0-9E38-407B-8B1F-FB61848EFDA8}.Release|Any CPU.Build.0 = Release|Any CPU
		{0DC7B4D8-825A-4757-9782-3C24D9631C64}.Debug|Any CPU.ActiveCfg = Debug|Any CPU
		{0DC7B4D8-825A-4757-9782-3C24D9631C64}.Debug|Any CPU.Build.0 = Debug|Any CPU
		{0DC7B4D8-825A-4757-9782-3C24D9631C64}.Release|Any CPU.ActiveCfg = Release|Any CPU
		{0DC7B4D8-825A-4757-9782-3C24D9631C64}.Release|Any CPU.Build.0 = Release|Any CPU
		{BC7E1541-BB91-4E7F-B052-8EE71BBEB863}.Debug|Any CPU.ActiveCfg = Debug|Any CPU
		{BC7E1541-BB91-4E7F-B052-8EE71BBEB863}.Debug|Any CPU.Build.0 = Debug|Any CPU
		{BC7E1541-BB91-4E7F-B052-8EE71BBEB863}.Release|Any CPU.ActiveCfg = Release|Any CPU
		{BC7E1541-BB91-4E7F-B052-8EE71BBEB863}.Release|Any CPU.Build.0 = Release|Any CPU
		{A09FF40C-1E35-4874-A877-4D82B33B8C92}.Debug|Any CPU.ActiveCfg = Debug|Any CPU
		{A09FF40C-1E35-4874-A877-4D82B33B8C92}.Debug|Any CPU.Build.0 = Debug|Any CPU
		{A09FF40C-1E35-4874-A877-4D82B33B8C92}.Release|Any CPU.ActiveCfg = Release|Any CPU
		{A09FF40C-1E35-4874-A877-4D82B33B8C92}.Release|Any CPU.Build.0 = Release|Any CPU
		{B07D0748-A3CA-4927-8F2C-729E5BEDD12B}.Debug|Any CPU.ActiveCfg = Debug|Any CPU
		{B07D0748-A3CA-4927-8F2C-729E5BEDD12B}.Debug|Any CPU.Build.0 = Debug|Any CPU
		{B07D0748-A3CA-4927-8F2C-729E5BEDD12B}.Release|Any CPU.ActiveCfg = Release|Any CPU
		{B07D0748-A3CA-4927-8F2C-729E5BEDD12B}.Release|Any CPU.Build.0 = Release|Any CPU
		{984D671D-5890-4B1C-BB64-07CFEF781B81}.Debug|Any CPU.ActiveCfg = Debug|Any CPU
		{984D671D-5890-4B1C-BB64-07CFEF781B81}.Debug|Any CPU.Build.0 = Debug|Any CPU
		{984D671D-5890-4B1C-BB64-07CFEF781B81}.Release|Any CPU.ActiveCfg = Release|Any CPU
		{984D671D-5890-4B1C-BB64-07CFEF781B81}.Release|Any CPU.Build.0 = Release|Any CPU
		{E53C6107-D019-40AB-8B23-DAAE9A59D7A5}.Debug|Any CPU.ActiveCfg = Debug|Any CPU
		{E53C6107-D019-40AB-8B23-DAAE9A59D7A5}.Debug|Any CPU.Build.0 = Debug|Any CPU
		{E53C6107-D019-40AB-8B23-DAAE9A59D7A5}.Release|Any CPU.ActiveCfg = Release|Any CPU
		{E53C6107-D019-40AB-8B23-DAAE9A59D7A5}.Release|Any CPU.Build.0 = Release|Any CPU
		{D5094D7B-CDC9-4591-B323-569A14EA918B}.Debug|Any CPU.ActiveCfg = Debug|Any CPU
		{D5094D7B-CDC9-4591-B323-569A14EA918B}.Debug|Any CPU.Build.0 = Debug|Any CPU
		{D5094D7B-CDC9-4591-B323-569A14EA918B}.Release|Any CPU.ActiveCfg = Release|Any CPU
		{D5094D7B-CDC9-4591-B323-569A14EA918B}.Release|Any CPU.Build.0 = Release|Any CPU
		{DA0F81D0-91AC-4238-8F41-49F3389FD476}.Debug|Any CPU.ActiveCfg = Debug|Any CPU
		{DA0F81D0-91AC-4238-8F41-49F3389FD476}.Debug|Any CPU.Build.0 = Debug|Any CPU
		{DA0F81D0-91AC-4238-8F41-49F3389FD476}.Release|Any CPU.ActiveCfg = Release|Any CPU
		{DA0F81D0-91AC-4238-8F41-49F3389FD476}.Release|Any CPU.Build.0 = Release|Any CPU
		{7612A299-0434-4369-9796-4794FBF59F17}.Debug|Any CPU.ActiveCfg = Debug|Any CPU
		{7612A299-0434-4369-9796-4794FBF59F17}.Debug|Any CPU.Build.0 = Debug|Any CPU
		{7612A299-0434-4369-9796-4794FBF59F17}.Release|Any CPU.ActiveCfg = Release|Any CPU
		{7612A299-0434-4369-9796-4794FBF59F17}.Release|Any CPU.Build.0 = Release|Any CPU
		{3F6244E0-2DD4-4B47-9F63-DD3E8E0888BE}.Debug|Any CPU.ActiveCfg = Debug|Any CPU
		{3F6244E0-2DD4-4B47-9F63-DD3E8E0888BE}.Debug|Any CPU.Build.0 = Debug|Any CPU
		{3F6244E0-2DD4-4B47-9F63-DD3E8E0888BE}.Release|Any CPU.ActiveCfg = Release|Any CPU
		{3F6244E0-2DD4-4B47-9F63-DD3E8E0888BE}.Release|Any CPU.Build.0 = Release|Any CPU
	EndGlobalSection
	GlobalSection(SolutionProperties) = preSolution
		HideSolutionNode = FALSE
	EndGlobalSection
	GlobalSection(NestedProjects) = preSolution
		{A670F067-19C8-48AA-B961-DCDF16119DDD} = {5F2D3A9E-F98F-4BB2-94F6-A03141D3F1A3}
		{36117258-0E1E-485E-864A-C2FCA4BFD17B} = {5F2D3A9E-F98F-4BB2-94F6-A03141D3F1A3}
		{5F2D3A9E-F98F-4BB2-94F6-A03141D3F1A3} = {41896A3D-21B8-4440-B979-955305212955}
		{E423B095-7FDF-4281-BB42-91B7DA8567BA} = {41896A3D-21B8-4440-B979-955305212955}
		{B6815336-1D6A-41BD-9BE5-9C313A2370FE} = {41896A3D-21B8-4440-B979-955305212955}
		{A815A1BE-5085-4FFE-AF7C-4C72ECB50F05} = {5F2D3A9E-F98F-4BB2-94F6-A03141D3F1A3}
		{0EDF241C-B0FB-4318-AE24-B3D63BCFACA2} = {5F2D3A9E-F98F-4BB2-94F6-A03141D3F1A3}
		{4BA782E1-272D-4F71-803F-A40ADA1637CA} = {5F2D3A9E-F98F-4BB2-94F6-A03141D3F1A3}
		{59C2F7E3-5A29-48C4-BA60-20399B524007} = {5F2D3A9E-F98F-4BB2-94F6-A03141D3F1A3}
		{C49A4FC2-BC67-4163-B00A-B3C092D87182} = {5F2D3A9E-F98F-4BB2-94F6-A03141D3F1A3}
		{5659D1DF-2CBD-4898-9639-4D76A2A6F05B} = {A670F067-19C8-48AA-B961-DCDF16119DDD}
		{FCDA6E93-B63C-4A44-99DA-4DEDCFAAD960} = {5659D1DF-2CBD-4898-9639-4D76A2A6F05B}
		{D3C64292-735A-4B97-8D8E-617DF6DC1D8C} = {5659D1DF-2CBD-4898-9639-4D76A2A6F05B}
		{1F09C5BF-8127-41FA-89CD-2502E50C5A5F} = {D3C64292-735A-4B97-8D8E-617DF6DC1D8C}
		{BBA62C6C-C4A7-4B40-91EA-B8BAC801669D} = {FCDA6E93-B63C-4A44-99DA-4DEDCFAAD960}
		{6720F458-06FB-40B7-8E4A-39FCFFB034F4} = {A670F067-19C8-48AA-B961-DCDF16119DDD}
		{BD22A0FB-E31E-4DA0-9773-3449D1F60787} = {6720F458-06FB-40B7-8E4A-39FCFFB034F4}
		{8B7554B0-9E38-407B-8B1F-FB61848EFDA8} = {6720F458-06FB-40B7-8E4A-39FCFFB034F4}
		{0DC7B4D8-825A-4757-9782-3C24D9631C64} = {E423B095-7FDF-4281-BB42-91B7DA8567BA}
		{1BC612CD-BB0A-4FEF-96E0-5E70CAA4DDF6} = {C49A4FC2-BC67-4163-B00A-B3C092D87182}
		{694CD29F-7249-4F9C-A2E7-B18ED667F165} = {1BC612CD-BB0A-4FEF-96E0-5E70CAA4DDF6}
		{62439BF3-78D1-460E-99CA-7210C906827F} = {1BC612CD-BB0A-4FEF-96E0-5E70CAA4DDF6}
		{085B0324-B995-4B49-BD04-0BB767844CD6} = {C49A4FC2-BC67-4163-B00A-B3C092D87182}
		{BC7E1541-BB91-4E7F-B052-8EE71BBEB863} = {085B0324-B995-4B49-BD04-0BB767844CD6}
		{A09FF40C-1E35-4874-A877-4D82B33B8C92} = {085B0324-B995-4B49-BD04-0BB767844CD6}
		{B07D0748-A3CA-4927-8F2C-729E5BEDD12B} = {62439BF3-78D1-460E-99CA-7210C906827F}
		{984D671D-5890-4B1C-BB64-07CFEF781B81} = {694CD29F-7249-4F9C-A2E7-B18ED667F165}
		{E53C6107-D019-40AB-8B23-DAAE9A59D7A5} = {E423B095-7FDF-4281-BB42-91B7DA8567BA}
		{D5094D7B-CDC9-4591-B323-569A14EA918B} = {E423B095-7FDF-4281-BB42-91B7DA8567BA}
		{DA0F81D0-91AC-4238-8F41-49F3389FD476} = {E423B095-7FDF-4281-BB42-91B7DA8567BA}
		{0484F8B7-A921-4DC5-90DA-53432D531232} = {E423B095-7FDF-4281-BB42-91B7DA8567BA}
		{7612A299-0434-4369-9796-4794FBF59F17} = {0484F8B7-A921-4DC5-90DA-53432D531232}
		{3F6244E0-2DD4-4B47-9F63-DD3E8E0888BE} = {E423B095-7FDF-4281-BB42-91B7DA8567BA}
	EndGlobalSection
	GlobalSection(ExtensibilityGlobals) = postSolution
		SolutionGuid = {CAAE2897-37FA-4B81-85DC-C10775CABF1B}
	EndGlobalSection
EndGlobal
