Microsoft Visual Studio Solution File, Format Version 12.00
# Visual Studio Version 17
VisualStudioVersion = 17.4.33205.214
MinimumVisualStudioVersion = 10.0.40219.1
Project("{2150E333-8FDC-42A3-9474-1A3956D46DE8}") = "src", "src", "{41896A3D-21B8-4440-B979-955305212955}"
EndProject
Project("{2150E333-8FDC-42A3-9474-1A3956D46DE8}") = "Store", "Store", "{A670F067-19C8-48AA-B961-DCDF16119DDD}"
EndProject
Project("{2150E333-8FDC-42A3-9474-1A3956D46DE8}") = "Identity", "Identity", "{36117258-0E1E-485E-864A-C2FCA4BFD17B}"
EndProject
Project("{2150E333-8FDC-42A3-9474-1A3956D46DE8}") = "Services", "Services", "{5F2D3A9E-F98F-4BB2-94F6-A03141D3F1A3}"
EndProject
Project("{2150E333-8FDC-42A3-9474-1A3956D46DE8}") = "BuildingBlocks", "BuildingBlocks", "{E423B095-7FDF-4281-BB42-91B7DA8567BA}"
EndProject
Project("{2150E333-8FDC-42A3-9474-1A3956D46DE8}") = "ApiGateways", "ApiGateways", "{B6815336-1D6A-41BD-9BE5-9C313A2370FE}"
EndProject
Project("{2150E333-8FDC-42A3-9474-1A3956D46DE8}") = "Catalog", "Catalog", "{A815A1BE-5085-4FFE-AF7C-4C72ECB50F05}"
EndProject
Project("{2150E333-8FDC-42A3-9474-1A3956D46DE8}") = "Ordering", "Ordering", "{0EDF241C-B0FB-4318-AE24-B3D63BCFACA2}"
EndProject
Project("{2150E333-8FDC-42A3-9474-1A3956D46DE8}") = "Payment", "Payment", "{4BA782E1-272D-4F71-803F-A40ADA1637CA}"
EndProject
Project("{2150E333-8FDC-42A3-9474-1A3956D46DE8}") = "Webhooks", "Webhooks", "{59C2F7E3-5A29-48C4-BA60-20399B524007}"
EndProject
Project("{2150E333-8FDC-42A3-9474-1A3956D46DE8}") = "Administration", "Administration", "{C49A4FC2-BC67-4163-B00A-B3C092D87182}"
EndProject
Project("{9A19103F-16F7-4668-BE54-9A1E7A4F7556}") = "Store.Api", "Services\Store\Adapters\Driving\Store.Api\Store.Api.csproj", "{1F09C5BF-8127-41FA-89CD-2502E50C5A5F}"
EndProject
Project("{9A19103F-16F7-4668-BE54-9A1E7A4F7556}") = "Store.Infra.DataBase.MongoDb", "Services\Store\Adapters\Driven\Store.Infra.DataBase.MongoDb\Store.Infra.DataBase.MongoDb.csproj", "{BBA62C6C-C4A7-4B40-91EA-B8BAC801669D}"
EndProject
Project("{9A19103F-16F7-4668-BE54-9A1E7A4F7556}") = "Store.Application", "Services\Store\Core\Store.Application\Store.Application.csproj", "{BD22A0FB-E31E-4DA0-9773-3449D1F60787}"
EndProject
Project("{9A19103F-16F7-4668-BE54-9A1E7A4F7556}") = "Store.Domain", "Services\Store\Core\Store.Domain\Store.Domain.csproj", "{8B7554B0-9E38-407B-8B1F-FB61848EFDA8}"
EndProject
Project("{9A19103F-16F7-4668-BE54-9A1E7A4F7556}") = "BuildingBlock.Domain", "BuildingBlocks\Core\BuildingBlock.Domain\BuildingBlock.Domain.csproj", "{0DC7B4D8-825A-4757-9782-3C24D9631C64}"
EndProject
Project("{9A19103F-16F7-4668-BE54-9A1E7A4F7556}") = "Administration.Application", "Services\Administration\Core\Administration.Application\Administration.Application.csproj", "{BC7E1541-BB91-4E7F-B052-8EE71BBEB863}"
EndProject
Project("{9A19103F-16F7-4668-BE54-9A1E7A4F7556}") = "Administration.Domain", "Services\Administration\Core\Administration.Domain\Administration.Domain.csproj", "{A09FF40C-1E35-4874-A877-4D82B33B8C92}"
EndProject
Project("{9A19103F-16F7-4668-BE54-9A1E7A4F7556}") = "Administration.Api", "Services\Administration\Adapters\Driving\Administration.Api\Administration.Api.csproj", "{B07D0748-A3CA-4927-8F2C-729E5BEDD12B}"
EndProject
Project("{9A19103F-16F7-4668-BE54-9A1E7A4F7556}") = "Administration.Infra.DataBase.MongoDb", "Services\Administration\Adapters\Driven\Administration.Infra.DataBase.MongoDb\Administration.Infra.DataBase.MongoDb.csproj", "{984D671D-5890-4B1C-BB64-07CFEF781B81}"
EndProject
Project("{9A19103F-16F7-4668-BE54-9A1E7A4F7556}") = "BuildingBlock.Application", "BuildingBlocks\Core\BuildingBlock.Application\BuildingBlock.Application.csproj", "{E53C6107-D019-40AB-8B23-DAAE9A59D7A5}"
EndProject
Project("{9A19103F-16F7-4668-BE54-9A1E7A4F7556}") = "BuildingBlock.Api.Domain.ValueObjects.Json", "BuildingBlocks\Driving\BuildingBlock.Api.Domain.ValueObjects.Json\BuildingBlock.Api.Domain.ValueObjects.Json.csproj", "{D5094D7B-CDC9-4591-B323-569A14EA918B}"
EndProject
Project("{9A19103F-16F7-4668-BE54-9A1E7A4F7556}") = "BuildingBlock.Api", "BuildingBlocks\Driving\BuildingBlock.Api\BuildingBlock.Api.csproj", "{DA0F81D0-91AC-4238-8F41-49F3389FD476}"
EndProject
Project("{2150E333-8FDC-42A3-9474-1A3956D46DE8}") = "test", "test", "{0484F8B7-A921-4DC5-90DA-53432D531232}"
EndProject
Project("{9A19103F-16F7-4668-BE54-9A1E7A4F7556}") = "BuildingBlock.Domain.UnitTest", "BuildingBlocks\Core\test\BuildingBlock.Domain.UnitTest\BuildingBlock.Domain.UnitTest.csproj", "{7612A299-0434-4369-9796-4794FBF59F17}"
EndProject
Project("{2150E333-8FDC-42A3-9474-1A3956D46DE8}") = "Solution Items", "Solution Items", "{7213A766-40C3-4263-88CF-4BF0CA38FAF0}"
	ProjectSection(SolutionItems) = preProject
		.editorconfig = .editorconfig
	EndProjectSection
EndProject
Project("{2150E333-8FDC-42A3-9474-1A3956D46DE8}") = "docs", "docs", "{5E98F153-6465-4EA8-B4D6-DD21A40C277B}"
	ProjectSection(SolutionItems) = preProject
		docs\Architecture.md = docs\Architecture.md
		docs\Domain Driven Design and Practice.md = docs\Domain Driven Design and Practice.md
	EndProjectSection
EndProject
Project("{9A19103F-16F7-4668-BE54-9A1E7A4F7556}") = "BuildingBlock.Observability", "BuildingBlocks\Driven\BuildingBlock.Observability\BuildingBlock.Observability.csproj", "{4CB00273-D891-4BF0-8BCA-3EA8C2ACC4C4}"
EndProject
Project("{9A19103F-16F7-4668-BE54-9A1E7A4F7556}") = "BuildingBlock.Infra.DataBase.EntityFramework", "BuildingBlocks\Driven\BuildingBlock.Infra.DataBase.EntityFramework\BuildingBlock.Infra.DataBase.EntityFramework.csproj", "{A2458F6D-816F-4272-8B54-07EFCEF9E6B9}"
EndProject
Project("{9A19103F-16F7-4668-BE54-9A1E7A4F7556}") = "BuildingBlock.Infra.DataBase", "BuildingBlocks\Driven\BuildingBlock.Infra.DataBase\BuildingBlock.Infra.DataBase.csproj", "{F359C929-8A85-47A8-B5C0-4C81B6CD31D0}"
EndProject
Project("{9A19103F-16F7-4668-BE54-9A1E7A4F7556}") = "Administration.Infra.DataBase.EntityFramework", "Services\Administration\Adapters\Driven\Administration.Infra.DataBase.EntityFramework\Administration.Infra.DataBase.EntityFramework.csproj", "{5050AAD6-3240-462F-861E-7E6F350E7F4C}"
EndProject
Project("{9A19103F-16F7-4668-BE54-9A1E7A4F7556}") = "BuildingBlock.Infra.Domain.ValueObjects.EFCore", "BuildingBlocks\Driven\BuildingBlock.Domain.ValueObject.EFCore\BuildingBlock.Infra.Domain.ValueObjects.EFCore.csproj", "{58726A43-24CC-43A3-AFEE-ED2A7EE6309B}"
EndProject
Project("{2150E333-8FDC-42A3-9474-1A3956D46DE8}") = "Core", "Core", "{C5C1C35A-9D88-4800-AF9C-CC2787E1C07F}"
EndProject
Project("{2150E333-8FDC-42A3-9474-1A3956D46DE8}") = "Driving", "Driving", "{6CFF2E60-D35B-41E7-B295-409D5A07A7AC}"
EndProject
Project("{2150E333-8FDC-42A3-9474-1A3956D46DE8}") = "Driven", "Driven", "{218944F3-F484-4BA3-9705-375A246801C3}"
EndProject
Project("{9A19103F-16F7-4668-BE54-9A1E7A4F7556}") = "BuildingBlock.Api.Swashbuckle", "BuildingBlocks\Driving\BuildingBlock.Swashbuckle\BuildingBlock.Api.Swashbuckle.csproj", "{0AA78FE4-8C64-4D47-A344-B31EC8C5B1DE}"
EndProject
Project("{9A19103F-16F7-4668-BE54-9A1E7A4F7556}") = "BuildingBlock.Api.Swashbuckle.Domain.ValueObjects.Map", "BuildingBlocks\Driving\BuildingBlock.Swashbuckle.Domain.ValueObjects.Map\BuildingBlock.Api.Swashbuckle.Domain.ValueObjects.Map.csproj", "{4FDB12A5-BB54-4B5B-94CA-7884E200B74A}"
EndProject
Project("{9A19103F-16F7-4668-BE54-9A1E7A4F7556}") = "BuildingBlock.Api.Application", "BuildingBlocks\Driving\BuildingBlock.Api.Application\BuildingBlock.Api.Application.csproj", "{6A4688C6-DDCA-4FC6-9143-7FC6A6A626A6}"
EndProject
Project("{9A19103F-16F7-4668-BE54-9A1E7A4F7556}") = "BuildingBlock.Api.Version", "BuildingBlocks\Driving\BuildingBlock.Api.Version\BuildingBlock.Api.Version.csproj", "{3F357E54-0EA8-49B4-8DAB-CD036A9F11EE}"
EndProject
Project("{9A19103F-16F7-4668-BE54-9A1E7A4F7556}") = "BuildingBlock.Infra.DataBase.MongoDB", "BuildingBlocks\Driven\BuildingBlock.Infra.DataBase.MongoDB\BuildingBlock.Infra.DataBase.MongoDB.csproj", "{7FCBB043-66AE-4B7E-BBFC-6570022FBEA2}"
EndProject
Project("{FAE04EC0-301F-11D3-BF4B-00C04F79EFBC}") = "Cardapius.AppHost", "Cardapius.AppHost\Cardapius.AppHost.csproj", "{CF9EB7BC-B35E-4374-A6C7-AD49136CCADE}"
EndProject
Project("{FAE04EC0-301F-11D3-BF4B-00C04F79EFBC}") = "BuildingBlock.Observability.OpenTelemetry", "BuildingBlocks\Driven\BuildingBlock.Observability.OpenTelemetry\BuildingBlock.Observability.OpenTelemetry.csproj", "{6AB1E6A4-43BB-477F-8046-A566160336B0}"
EndProject
Global
	GlobalSection(SolutionConfigurationPlatforms) = preSolution
		Debug|Any CPU = Debug|Any CPU
		Release|Any CPU = Release|Any CPU
	EndGlobalSection
	GlobalSection(ProjectConfigurationPlatforms) = postSolution
		{1F09C5BF-8127-41FA-89CD-2502E50C5A5F}.Debug|Any CPU.ActiveCfg = Debug|Any CPU
		{1F09C5BF-8127-41FA-89CD-2502E50C5A5F}.Debug|Any CPU.Build.0 = Debug|Any CPU
		{1F09C5BF-8127-41FA-89CD-2502E50C5A5F}.Release|Any CPU.ActiveCfg = Release|Any CPU
		{1F09C5BF-8127-41FA-89CD-2502E50C5A5F}.Release|Any CPU.Build.0 = Release|Any CPU
		{BBA62C6C-C4A7-4B40-91EA-B8BAC801669D}.Debug|Any CPU.ActiveCfg = Debug|Any CPU
		{BBA62C6C-C4A7-4B40-91EA-B8BAC801669D}.Debug|Any CPU.Build.0 = Debug|Any CPU
		{BBA62C6C-C4A7-4B40-91EA-B8BAC801669D}.Release|Any CPU.ActiveCfg = Release|Any CPU
		{BBA62C6C-C4A7-4B40-91EA-B8BAC801669D}.Release|Any CPU.Build.0 = Release|Any CPU
		{BD22A0FB-E31E-4DA0-9773-3449D1F60787}.Debug|Any CPU.ActiveCfg = Debug|Any CPU
		{BD22A0FB-E31E-4DA0-9773-3449D1F60787}.Debug|Any CPU.Build.0 = Debug|Any CPU
		{BD22A0FB-E31E-4DA0-9773-3449D1F60787}.Release|Any CPU.ActiveCfg = Release|Any CPU
		{BD22A0FB-E31E-4DA0-9773-3449D1F60787}.Release|Any CPU.Build.0 = Release|Any CPU
		{8B7554B0-9E38-407B-8B1F-FB61848EFDA8}.Debug|Any CPU.ActiveCfg = Debug|Any CPU
		{8B7554B0-9E38-407B-8B1F-FB61848EFDA8}.Debug|Any CPU.Build.0 = Debug|Any CPU
		{8B7554B0-9E38-407B-8B1F-FB61848EFDA8}.Release|Any CPU.ActiveCfg = Release|Any CPU
		{8B7554B0-9E38-407B-8B1F-FB61848EFDA8}.Release|Any CPU.Build.0 = Release|Any CPU
		{0DC7B4D8-825A-4757-9782-3C24D9631C64}.Debug|Any CPU.ActiveCfg = Debug|Any CPU
		{0DC7B4D8-825A-4757-9782-3C24D9631C64}.Debug|Any CPU.Build.0 = Debug|Any CPU
		{0DC7B4D8-825A-4757-9782-3C24D9631C64}.Release|Any CPU.ActiveCfg = Release|Any CPU
		{0DC7B4D8-825A-4757-9782-3C24D9631C64}.Release|Any CPU.Build.0 = Release|Any CPU
		{BC7E1541-BB91-4E7F-B052-8EE71BBEB863}.Debug|Any CPU.ActiveCfg = Debug|Any CPU
		{BC7E1541-BB91-4E7F-B052-8EE71BBEB863}.Debug|Any CPU.Build.0 = Debug|Any CPU
		{BC7E1541-BB91-4E7F-B052-8EE71BBEB863}.Release|Any CPU.ActiveCfg = Release|Any CPU
		{BC7E1541-BB91-4E7F-B052-8EE71BBEB863}.Release|Any CPU.Build.0 = Release|Any CPU
		{A09FF40C-1E35-4874-A877-4D82B33B8C92}.Debug|Any CPU.ActiveCfg = Debug|Any CPU
		{A09FF40C-1E35-4874-A877-4D82B33B8C92}.Debug|Any CPU.Build.0 = Debug|Any CPU
		{A09FF40C-1E35-4874-A877-4D82B33B8C92}.Release|Any CPU.ActiveCfg = Release|Any CPU
		{A09FF40C-1E35-4874-A877-4D82B33B8C92}.Release|Any CPU.Build.0 = Release|Any CPU
		{B07D0748-A3CA-4927-8F2C-729E5BEDD12B}.Debug|Any CPU.ActiveCfg = Debug|Any CPU
		{B07D0748-A3CA-4927-8F2C-729E5BEDD12B}.Debug|Any CPU.Build.0 = Debug|Any CPU
		{B07D0748-A3CA-4927-8F2C-729E5BEDD12B}.Release|Any CPU.ActiveCfg = Release|Any CPU
		{B07D0748-A3CA-4927-8F2C-729E5BEDD12B}.Release|Any CPU.Build.0 = Release|Any CPU
		{984D671D-5890-4B1C-BB64-07CFEF781B81}.Debug|Any CPU.ActiveCfg = Debug|Any CPU
		{984D671D-5890-4B1C-BB64-07CFEF781B81}.Debug|Any CPU.Build.0 = Debug|Any CPU
		{984D671D-5890-4B1C-BB64-07CFEF781B81}.Release|Any CPU.ActiveCfg = Release|Any CPU
		{984D671D-5890-4B1C-BB64-07CFEF781B81}.Release|Any CPU.Build.0 = Release|Any CPU
		{E53C6107-D019-40AB-8B23-DAAE9A59D7A5}.Debug|Any CPU.ActiveCfg = Debug|Any CPU
		{E53C6107-D019-40AB-8B23-DAAE9A59D7A5}.Debug|Any CPU.Build.0 = Debug|Any CPU
		{E53C6107-D019-40AB-8B23-DAAE9A59D7A5}.Release|Any CPU.ActiveCfg = Release|Any CPU
		{E53C6107-D019-40AB-8B23-DAAE9A59D7A5}.Release|Any CPU.Build.0 = Release|Any CPU
		{D5094D7B-CDC9-4591-B323-569A14EA918B}.Debug|Any CPU.ActiveCfg = Debug|Any CPU
		{D5094D7B-CDC9-4591-B323-569A14EA918B}.Debug|Any CPU.Build.0 = Debug|Any CPU
		{D5094D7B-CDC9-4591-B323-569A14EA918B}.Release|Any CPU.ActiveCfg = Release|Any CPU
		{D5094D7B-CDC9-4591-B323-569A14EA918B}.Release|Any CPU.Build.0 = Release|Any CPU
		{DA0F81D0-91AC-4238-8F41-49F3389FD476}.Debug|Any CPU.ActiveCfg = Debug|Any CPU
		{DA0F81D0-91AC-4238-8F41-49F3389FD476}.Debug|Any CPU.Build.0 = Debug|Any CPU
		{DA0F81D0-91AC-4238-8F41-49F3389FD476}.Release|Any CPU.ActiveCfg = Release|Any CPU
		{DA0F81D0-91AC-4238-8F41-49F3389FD476}.Release|Any CPU.Build.0 = Release|Any CPU
		{7612A299-0434-4369-9796-4794FBF59F17}.Debug|Any CPU.ActiveCfg = Debug|Any CPU
		{7612A299-0434-4369-9796-4794FBF59F17}.Debug|Any CPU.Build.0 = Debug|Any CPU
		{7612A299-0434-4369-9796-4794FBF59F17}.Release|Any CPU.ActiveCfg = Release|Any CPU
		{7612A299-0434-4369-9796-4794FBF59F17}.Release|Any CPU.Build.0 = Release|Any CPU
		{4CB00273-D891-4BF0-8BCA-3EA8C2ACC4C4}.Debug|Any CPU.ActiveCfg = Debug|Any CPU
		{4CB00273-D891-4BF0-8BCA-3EA8C2ACC4C4}.Debug|Any CPU.Build.0 = Debug|Any CPU
		{4CB00273-D891-4BF0-8BCA-3EA8C2ACC4C4}.Release|Any CPU.ActiveCfg = Release|Any CPU
		{4CB00273-D891-4BF0-8BCA-3EA8C2ACC4C4}.Release|Any CPU.Build.0 = Release|Any CPU
		{A2458F6D-816F-4272-8B54-07EFCEF9E6B9}.Debug|Any CPU.ActiveCfg = Debug|Any CPU
		{A2458F6D-816F-4272-8B54-07EFCEF9E6B9}.Debug|Any CPU.Build.0 = Debug|Any CPU
		{A2458F6D-816F-4272-8B54-07EFCEF9E6B9}.Release|Any CPU.ActiveCfg = Release|Any CPU
		{A2458F6D-816F-4272-8B54-07EFCEF9E6B9}.Release|Any CPU.Build.0 = Release|Any CPU
		{F359C929-8A85-47A8-B5C0-4C81B6CD31D0}.Debug|Any CPU.ActiveCfg = Debug|Any CPU
		{F359C929-8A85-47A8-B5C0-4C81B6CD31D0}.Debug|Any CPU.Build.0 = Debug|Any CPU
		{F359C929-8A85-47A8-B5C0-4C81B6CD31D0}.Release|Any CPU.ActiveCfg = Release|Any CPU
		{F359C929-8A85-47A8-B5C0-4C81B6CD31D0}.Release|Any CPU.Build.0 = Release|Any CPU
		{5050AAD6-3240-462F-861E-7E6F350E7F4C}.Debug|Any CPU.ActiveCfg = Debug|Any CPU
		{5050AAD6-3240-462F-861E-7E6F350E7F4C}.Debug|Any CPU.Build.0 = Debug|Any CPU
		{5050AAD6-3240-462F-861E-7E6F350E7F4C}.Release|Any CPU.ActiveCfg = Release|Any CPU
		{5050AAD6-3240-462F-861E-7E6F350E7F4C}.Release|Any CPU.Build.0 = Release|Any CPU
		{58726A43-24CC-43A3-AFEE-ED2A7EE6309B}.Debug|Any CPU.ActiveCfg = Debug|Any CPU
		{58726A43-24CC-43A3-AFEE-ED2A7EE6309B}.Debug|Any CPU.Build.0 = Debug|Any CPU
		{58726A43-24CC-43A3-AFEE-ED2A7EE6309B}.Release|Any CPU.ActiveCfg = Release|Any CPU
		{58726A43-24CC-43A3-AFEE-ED2A7EE6309B}.Release|Any CPU.Build.0 = Release|Any CPU
		{0AA78FE4-8C64-4D47-A344-B31EC8C5B1DE}.Debug|Any CPU.ActiveCfg = Debug|Any CPU
		{0AA78FE4-8C64-4D47-A344-B31EC8C5B1DE}.Debug|Any CPU.Build.0 = Debug|Any CPU
		{0AA78FE4-8C64-4D47-A344-B31EC8C5B1DE}.Release|Any CPU.ActiveCfg = Release|Any CPU
		{0AA78FE4-8C64-4D47-A344-B31EC8C5B1DE}.Release|Any CPU.Build.0 = Release|Any CPU
		{4FDB12A5-BB54-4B5B-94CA-7884E200B74A}.Debug|Any CPU.ActiveCfg = Debug|Any CPU
		{4FDB12A5-BB54-4B5B-94CA-7884E200B74A}.Debug|Any CPU.Build.0 = Debug|Any CPU
		{4FDB12A5-BB54-4B5B-94CA-7884E200B74A}.Release|Any CPU.ActiveCfg = Release|Any CPU
		{4FDB12A5-BB54-4B5B-94CA-7884E200B74A}.Release|Any CPU.Build.0 = Release|Any CPU
		{6A4688C6-DDCA-4FC6-9143-7FC6A6A626A6}.Debug|Any CPU.ActiveCfg = Debug|Any CPU
		{6A4688C6-DDCA-4FC6-9143-7FC6A6A626A6}.Debug|Any CPU.Build.0 = Debug|Any CPU
		{6A4688C6-DDCA-4FC6-9143-7FC6A6A626A6}.Release|Any CPU.ActiveCfg = Release|Any CPU
		{6A4688C6-DDCA-4FC6-9143-7FC6A6A626A6}.Release|Any CPU.Build.0 = Release|Any CPU
		{3F357E54-0EA8-49B4-8DAB-CD036A9F11EE}.Debug|Any CPU.ActiveCfg = Debug|Any CPU
		{3F357E54-0EA8-49B4-8DAB-CD036A9F11EE}.Debug|Any CPU.Build.0 = Debug|Any CPU
		{3F357E54-0EA8-49B4-8DAB-CD036A9F11EE}.Release|Any CPU.ActiveCfg = Release|Any CPU
		{3F357E54-0EA8-49B4-8DAB-CD036A9F11EE}.Release|Any CPU.Build.0 = Release|Any CPU
		{7FCBB043-66AE-4B7E-BBFC-6570022FBEA2}.Debug|Any CPU.ActiveCfg = Debug|Any CPU
		{7FCBB043-66AE-4B7E-BBFC-6570022FBEA2}.Debug|Any CPU.Build.0 = Debug|Any CPU
		{7FCBB043-66AE-4B7E-BBFC-6570022FBEA2}.Release|Any CPU.ActiveCfg = Release|Any CPU
		{7FCBB043-66AE-4B7E-BBFC-6570022FBEA2}.Release|Any CPU.Build.0 = Release|Any CPU
		{CF9EB7BC-B35E-4374-A6C7-AD49136CCADE}.Debug|Any CPU.ActiveCfg = Debug|Any CPU
		{CF9EB7BC-B35E-4374-A6C7-AD49136CCADE}.Debug|Any CPU.Build.0 = Debug|Any CPU
		{CF9EB7BC-B35E-4374-A6C7-AD49136CCADE}.Release|Any CPU.ActiveCfg = Release|Any CPU
		{CF9EB7BC-B35E-4374-A6C7-AD49136CCADE}.Release|Any CPU.Build.0 = Release|Any CPU
		{6AB1E6A4-43BB-477F-8046-A566160336B0}.Debug|Any CPU.ActiveCfg = Debug|Any CPU
		{6AB1E6A4-43BB-477F-8046-A566160336B0}.Debug|Any CPU.Build.0 = Debug|Any CPU
		{6AB1E6A4-43BB-477F-8046-A566160336B0}.Release|Any CPU.ActiveCfg = Release|Any CPU
		{6AB1E6A4-43BB-477F-8046-A566160336B0}.Release|Any CPU.Build.0 = Release|Any CPU
	EndGlobalSection
	GlobalSection(SolutionProperties) = preSolution
		HideSolutionNode = FALSE
	EndGlobalSection
	GlobalSection(NestedProjects) = preSolution
		{A670F067-19C8-48AA-B961-DCDF16119DDD} = {5F2D3A9E-F98F-4BB2-94F6-A03141D3F1A3}
		{36117258-0E1E-485E-864A-C2FCA4BFD17B} = {5F2D3A9E-F98F-4BB2-94F6-A03141D3F1A3}
		{5F2D3A9E-F98F-4BB2-94F6-A03141D3F1A3} = {41896A3D-21B8-4440-B979-955305212955}
		{E423B095-7FDF-4281-BB42-91B7DA8567BA} = {41896A3D-21B8-4440-B979-955305212955}
		{B6815336-1D6A-41BD-9BE5-9C313A2370FE} = {41896A3D-21B8-4440-B979-955305212955}
		{A815A1BE-5085-4FFE-AF7C-4C72ECB50F05} = {5F2D3A9E-F98F-4BB2-94F6-A03141D3F1A3}
		{0EDF241C-B0FB-4318-AE24-B3D63BCFACA2} = {5F2D3A9E-F98F-4BB2-94F6-A03141D3F1A3}
		{4BA782E1-272D-4F71-803F-A40ADA1637CA} = {5F2D3A9E-F98F-4BB2-94F6-A03141D3F1A3}
		{59C2F7E3-5A29-48C4-BA60-20399B524007} = {5F2D3A9E-F98F-4BB2-94F6-A03141D3F1A3}
		{C49A4FC2-BC67-4163-B00A-B3C092D87182} = {5F2D3A9E-F98F-4BB2-94F6-A03141D3F1A3}
		{1F09C5BF-8127-41FA-89CD-2502E50C5A5F} = {A670F067-19C8-48AA-B961-DCDF16119DDD}
		{BBA62C6C-C4A7-4B40-91EA-B8BAC801669D} = {A670F067-19C8-48AA-B961-DCDF16119DDD}
		{BD22A0FB-E31E-4DA0-9773-3449D1F60787} = {A670F067-19C8-48AA-B961-DCDF16119DDD}
		{8B7554B0-9E38-407B-8B1F-FB61848EFDA8} = {A670F067-19C8-48AA-B961-DCDF16119DDD}
		{0DC7B4D8-825A-4757-9782-3C24D9631C64} = {C5C1C35A-9D88-4800-AF9C-CC2787E1C07F}
		{BC7E1541-BB91-4E7F-B052-8EE71BBEB863} = {C49A4FC2-BC67-4163-B00A-B3C092D87182}
		{A09FF40C-1E35-4874-A877-4D82B33B8C92} = {C49A4FC2-BC67-4163-B00A-B3C092D87182}
		{B07D0748-A3CA-4927-8F2C-729E5BEDD12B} = {C49A4FC2-BC67-4163-B00A-B3C092D87182}
		{984D671D-5890-4B1C-BB64-07CFEF781B81} = {C49A4FC2-BC67-4163-B00A-B3C092D87182}
		{E53C6107-D019-40AB-8B23-DAAE9A59D7A5} = {C5C1C35A-9D88-4800-AF9C-CC2787E1C07F}
		{D5094D7B-CDC9-4591-B323-569A14EA918B} = {6CFF2E60-D35B-41E7-B295-409D5A07A7AC}
		{DA0F81D0-91AC-4238-8F41-49F3389FD476} = {6CFF2E60-D35B-41E7-B295-409D5A07A7AC}
		{0484F8B7-A921-4DC5-90DA-53432D531232} = {C5C1C35A-9D88-4800-AF9C-CC2787E1C07F}
		{7612A299-0434-4369-9796-4794FBF59F17} = {0484F8B7-A921-4DC5-90DA-53432D531232}
		{4CB00273-D891-4BF0-8BCA-3EA8C2ACC4C4} = {218944F3-F484-4BA3-9705-375A246801C3}
		{A2458F6D-816F-4272-8B54-07EFCEF9E6B9} = {218944F3-F484-4BA3-9705-375A246801C3}
		{F359C929-8A85-47A8-B5C0-4C81B6CD31D0} = {218944F3-F484-4BA3-9705-375A246801C3}
		{5050AAD6-3240-462F-861E-7E6F350E7F4C} = {C49A4FC2-BC67-4163-B00A-B3C092D87182}
		{58726A43-24CC-43A3-AFEE-ED2A7EE6309B} = {218944F3-F484-4BA3-9705-375A246801C3}
		{C5C1C35A-9D88-4800-AF9C-CC2787E1C07F} = {E423B095-7FDF-4281-BB42-91B7DA8567BA}
		{6CFF2E60-D35B-41E7-B295-409D5A07A7AC} = {E423B095-7FDF-4281-BB42-91B7DA8567BA}
		{218944F3-F484-4BA3-9705-375A246801C3} = {E423B095-7FDF-4281-BB42-91B7DA8567BA}
		{0AA78FE4-8C64-4D47-A344-B31EC8C5B1DE} = {6CFF2E60-D35B-41E7-B295-409D5A07A7AC}
		{4FDB12A5-BB54-4B5B-94CA-7884E200B74A} = {6CFF2E60-D35B-41E7-B295-409D5A07A7AC}
		{6A4688C6-DDCA-4FC6-9143-7FC6A6A626A6} = {6CFF2E60-D35B-41E7-B295-409D5A07A7AC}
		{3F357E54-0EA8-49B4-8DAB-CD036A9F11EE} = {6CFF2E60-D35B-41E7-B295-409D5A07A7AC}
		{7FCBB043-66AE-4B7E-BBFC-6570022FBEA2} = {218944F3-F484-4BA3-9705-375A246801C3}
		{CF9EB7BC-B35E-4374-A6C7-AD49136CCADE} = {41896A3D-21B8-4440-B979-955305212955}
		{6AB1E6A4-43BB-477F-8046-A566160336B0} = {218944F3-F484-4BA3-9705-375A246801C3}
	EndGlobalSection
	GlobalSection(ExtensibilityGlobals) = postSolution
		SolutionGuid = {CAAE2897-37FA-4B81-85DC-C10775CABF1B}
	EndGlobalSection
EndGlobal
